
Microsoft Visual Studio Solution File, Format Version 12.00
# Visual Studio Version 17
VisualStudioVersion = 17.9.34728.123
MinimumVisualStudioVersion = 10.0.40219.1
Project("{888888A0-9F3D-457C-B088-3A5042F75D52}") = "прак2", "прак2\прак2.pyproj", "{9FD8D88C-223C-45FD-AC9B-69F452F87560}"
EndProject
Global
	GlobalSection(SolutionConfigurationPlatforms) = preSolution
		Debug|Any CPU = Debug|Any CPU
		Release|Any CPU = Release|Any CPU
	EndGlobalSection
	GlobalSection(ProjectConfigurationPlatforms) = postSolution
		{9FD8D88C-223C-45FD-AC9B-69F452F87560}.Debug|Any CPU.ActiveCfg = Debug|Any CPU
		{9FD8D88C-223C-45FD-AC9B-69F452F87560}.Release|Any CPU.ActiveCfg = Release|Any CPU
	EndGlobalSection
	GlobalSection(SolutionProperties) = preSolution
		HideSolutionNode = FALSE
	EndGlobalSection
	GlobalSection(ExtensibilityGlobals) = postSolution
		SolutionGuid = {4DF00DE5-9704-490A-AEFD-E16EBC316B59}
	EndGlobalSection
EndGlobal
